
Microsoft Visual Studio Solution File, Format Version 12.00
# Visual Studio Version 17
VisualStudioVersion = 17.9.34728.123
MinimumVisualStudioVersion = 10.0.40219.1
Project("{FAE04EC0-301F-11D3-BF4B-00C04F79EFBC}") = "RabbitMQTopicExchange", "RabbitMQTopicExchange\RabbitMQTopicExchange.csproj", "{29C58CFE-8B1D-46DC-9732-CBDC260CF899}"
EndProject
Project("{FAE04EC0-301F-11D3-BF4B-00C04F79EFBC}") = "RabbitMQTopicConsumer", "RabbitMQTopicConsumer\RabbitMQTopicConsumer.csproj", "{AFCBD366-3FCD-4502-B759-27589C8FF74C}"
EndProject
Global
	GlobalSection(SolutionConfigurationPlatforms) = preSolution
		Debug|Any CPU = Debug|Any CPU
		Release|Any CPU = Release|Any CPU
	EndGlobalSection
	GlobalSection(ProjectConfigurationPlatforms) = postSolution
		{29C58CFE-8B1D-46DC-9732-CBDC260CF899}.Debug|Any CPU.ActiveCfg = Debug|Any CPU
		{29C58CFE-8B1D-46DC-9732-CBDC260CF899}.Debug|Any CPU.Build.0 = Debug|Any CPU
		{29C58CFE-8B1D-46DC-9732-CBDC260CF899}.Release|Any CPU.ActiveCfg = Release|Any CPU
		{29C58CFE-8B1D-46DC-9732-CBDC260CF899}.Release|Any CPU.Build.0 = Release|Any CPU
		{AFCBD366-3FCD-4502-B759-27589C8FF74C}.Debug|Any CPU.ActiveCfg = Debug|Any CPU
		{AFCBD366-3FCD-4502-B759-27589C8FF74C}.Debug|Any CPU.Build.0 = Debug|Any CPU
		{AFCBD366-3FCD-4502-B759-27589C8FF74C}.Release|Any CPU.ActiveCfg = Release|Any CPU
		{AFCBD366-3FCD-4502-B759-27589C8FF74C}.Release|Any CPU.Build.0 = Release|Any CPU
	EndGlobalSection
	GlobalSection(SolutionProperties) = preSolution
		HideSolutionNode = FALSE
	EndGlobalSection
	GlobalSection(ExtensibilityGlobals) = postSolution
		SolutionGuid = {1C333046-2DBB-4227-A900-1B12B76CEFE8}
	EndGlobalSection
EndGlobal
